
Microsoft Visual Studio Solution File, Format Version 12.00
# Visual Studio Version 16
VisualStudioVersion = 16.0.29519.181
MinimumVisualStudioVersion = 10.0.40219.1
Project("{9A19103F-16F7-4668-BE54-9A1E7A4F7556}") = "ApiGateway", "ApiGateway\ApiGateway.csproj", "{A81FEFF0-658A-47DF-A0C3-94CD0F5CEF37}"
EndProject
Project("{2150E333-8FDC-42A3-9474-1A3956D46DE8}") = "ContactAPI", "ContactAPI", "{C8F3ACA9-1614-4035-9728-2F296ED50F14}"
EndProject
Project("{9A19103F-16F7-4668-BE54-9A1E7A4F7556}") = "Contact.Api", "Contact.Api\Contact.Api.csproj", "{E12FDBD0-1420-4AA1-A5CE-7B1AE404B2E1}"
EndProject
Project("{2150E333-8FDC-42A3-9474-1A3956D46DE8}") = "ReservationAPI", "ReservationAPI", "{2E293987-A417-426A-9ECE-8737397B4CF5}"
EndProject
Project("{9A19103F-16F7-4668-BE54-9A1E7A4F7556}") = "Reservation.Api", "Reservation.Api\Reservation.Api.csproj", "{CBA53EEE-7F80-43AD-A588-F0915F5511DC}"
EndProject
Project("{9A19103F-16F7-4668-BE54-9A1E7A4F7556}") = "Contact.Models", "Contact.Models\Contact.Models.csproj", "{2745CFFA-036A-4EAA-8DAC-0A7FEE2D7F3E}"
EndProject
Project("{9A19103F-16F7-4668-BE54-9A1E7A4F7556}") = "Contact.Services", "Contact.Services\Contact.Services.csproj", "{A173D2EA-F7E9-49D9-927C-A64D3F7EF47A}"
EndProject
Project("{9A19103F-16F7-4668-BE54-9A1E7A4F7556}") = "Contact.Infrastructure", "Contact.Infrastructure\Contact.Infrastructure.csproj", "{EB3AE5EB-A3AB-4906-A437-0E66B38723D0}"
EndProject
Project("{9A19103F-16F7-4668-BE54-9A1E7A4F7556}") = "GenericRepository", "GenericRepository\GenericRepository.csproj", "{DD921635-2E15-4361-BA62-A7E0E72ECC79}"
EndProject
Project("{2150E333-8FDC-42A3-9474-1A3956D46DE8}") = "Db", "Db", "{00FC2A2A-6ED5-46DE-BF90-F2B32488908D}"
EndProject
Project("{9A19103F-16F7-4668-BE54-9A1E7A4F7556}") = "DataDb", "DataDb\DataDb.csproj", "{F68AC6B1-58C9-43D2-8D34-28B56F1A9FE9}"
EndProject
Project("{2150E333-8FDC-42A3-9474-1A3956D46DE8}") = "DataAccess", "DataAccess", "{6B72BC6D-D4DE-46DB-B8E7-9CC2E1205FBA}"
EndProject
Project("{2150E333-8FDC-42A3-9474-1A3956D46DE8}") = "Models", "Models", "{5DB542A9-87A8-48EE-A755-B0AE5B8C1399}"
EndProject
Project("{2150E333-8FDC-42A3-9474-1A3956D46DE8}") = "Entities", "Entities", "{27011386-5AEC-415F-B20A-8AEDC5B10BD4}"
EndProject
Project("{2150E333-8FDC-42A3-9474-1A3956D46DE8}") = "Services", "Services", "{08D95209-5147-44A5-98D2-59EF93375E0C}"
EndProject
Project("{9A19103F-16F7-4668-BE54-9A1E7A4F7556}") = "ReservationEntities", "ReservationEntities\ReservationEntities.csproj", "{2EC87F96-405D-4117-832B-1372E83394D5}"
EndProject
Project("{9A19103F-16F7-4668-BE54-9A1E7A4F7556}") = "DbConnection", "DbConnection\DbConnection.csproj", "{EF802C5F-6E95-453E-8491-C099AA014278}"
EndProject
Project("{9A19103F-16F7-4668-BE54-9A1E7A4F7556}") = "ReservationModelling", "ReservationModelling\ReservationModelling.csproj", "{2E00EDA6-7810-4307-90D6-10B8F278D689}"
EndProject
Project("{9A19103F-16F7-4668-BE54-9A1E7A4F7556}") = "ReservationBusiness", "ReservationBusiness\ReservationBusiness.csproj", "{3CE35DA8-945C-4FE4-9592-72D5E2FFC95F}"
EndProject
Project("{FAE04EC0-301F-11D3-BF4B-00C04F79EFBC}") = "AuthenticationAPI", "AuthenticationAPI\AuthenticationAPI.csproj", "{20BDA3B1-033D-4D30-93E4-2FECDD34027C}"
EndProject
Global
	GlobalSection(SolutionConfigurationPlatforms) = preSolution
		Debug|Any CPU = Debug|Any CPU
		Release|Any CPU = Release|Any CPU
	EndGlobalSection
	GlobalSection(ProjectConfigurationPlatforms) = postSolution
		{A81FEFF0-658A-47DF-A0C3-94CD0F5CEF37}.Debug|Any CPU.ActiveCfg = Debug|Any CPU
		{A81FEFF0-658A-47DF-A0C3-94CD0F5CEF37}.Debug|Any CPU.Build.0 = Debug|Any CPU
		{A81FEFF0-658A-47DF-A0C3-94CD0F5CEF37}.Release|Any CPU.ActiveCfg = Release|Any CPU
		{A81FEFF0-658A-47DF-A0C3-94CD0F5CEF37}.Release|Any CPU.Build.0 = Release|Any CPU
		{E12FDBD0-1420-4AA1-A5CE-7B1AE404B2E1}.Debug|Any CPU.ActiveCfg = Debug|Any CPU
		{E12FDBD0-1420-4AA1-A5CE-7B1AE404B2E1}.Debug|Any CPU.Build.0 = Debug|Any CPU
		{E12FDBD0-1420-4AA1-A5CE-7B1AE404B2E1}.Release|Any CPU.ActiveCfg = Release|Any CPU
		{E12FDBD0-1420-4AA1-A5CE-7B1AE404B2E1}.Release|Any CPU.Build.0 = Release|Any CPU
		{CBA53EEE-7F80-43AD-A588-F0915F5511DC}.Debug|Any CPU.ActiveCfg = Debug|Any CPU
		{CBA53EEE-7F80-43AD-A588-F0915F5511DC}.Debug|Any CPU.Build.0 = Debug|Any CPU
		{CBA53EEE-7F80-43AD-A588-F0915F5511DC}.Release|Any CPU.ActiveCfg = Release|Any CPU
		{CBA53EEE-7F80-43AD-A588-F0915F5511DC}.Release|Any CPU.Build.0 = Release|Any CPU
		{2745CFFA-036A-4EAA-8DAC-0A7FEE2D7F3E}.Debug|Any CPU.ActiveCfg = Debug|Any CPU
		{2745CFFA-036A-4EAA-8DAC-0A7FEE2D7F3E}.Debug|Any CPU.Build.0 = Debug|Any CPU
		{2745CFFA-036A-4EAA-8DAC-0A7FEE2D7F3E}.Release|Any CPU.ActiveCfg = Release|Any CPU
		{2745CFFA-036A-4EAA-8DAC-0A7FEE2D7F3E}.Release|Any CPU.Build.0 = Release|Any CPU
		{A173D2EA-F7E9-49D9-927C-A64D3F7EF47A}.Debug|Any CPU.ActiveCfg = Debug|Any CPU
		{A173D2EA-F7E9-49D9-927C-A64D3F7EF47A}.Debug|Any CPU.Build.0 = Debug|Any CPU
		{A173D2EA-F7E9-49D9-927C-A64D3F7EF47A}.Release|Any CPU.ActiveCfg = Release|Any CPU
		{A173D2EA-F7E9-49D9-927C-A64D3F7EF47A}.Release|Any CPU.Build.0 = Release|Any CPU
		{EB3AE5EB-A3AB-4906-A437-0E66B38723D0}.Debug|Any CPU.ActiveCfg = Debug|Any CPU
		{EB3AE5EB-A3AB-4906-A437-0E66B38723D0}.Debug|Any CPU.Build.0 = Debug|Any CPU
		{EB3AE5EB-A3AB-4906-A437-0E66B38723D0}.Release|Any CPU.ActiveCfg = Release|Any CPU
		{EB3AE5EB-A3AB-4906-A437-0E66B38723D0}.Release|Any CPU.Build.0 = Release|Any CPU
		{DD921635-2E15-4361-BA62-A7E0E72ECC79}.Debug|Any CPU.ActiveCfg = Debug|Any CPU
		{DD921635-2E15-4361-BA62-A7E0E72ECC79}.Debug|Any CPU.Build.0 = Debug|Any CPU
		{DD921635-2E15-4361-BA62-A7E0E72ECC79}.Release|Any CPU.ActiveCfg = Release|Any CPU
		{DD921635-2E15-4361-BA62-A7E0E72ECC79}.Release|Any CPU.Build.0 = Release|Any CPU
		{F68AC6B1-58C9-43D2-8D34-28B56F1A9FE9}.Debug|Any CPU.ActiveCfg = Debug|Any CPU
		{F68AC6B1-58C9-43D2-8D34-28B56F1A9FE9}.Debug|Any CPU.Build.0 = Debug|Any CPU
		{F68AC6B1-58C9-43D2-8D34-28B56F1A9FE9}.Release|Any CPU.ActiveCfg = Release|Any CPU
		{F68AC6B1-58C9-43D2-8D34-28B56F1A9FE9}.Release|Any CPU.Build.0 = Release|Any CPU
		{2EC87F96-405D-4117-832B-1372E83394D5}.Debug|Any CPU.ActiveCfg = Debug|Any CPU
		{2EC87F96-405D-4117-832B-1372E83394D5}.Debug|Any CPU.Build.0 = Debug|Any CPU
		{2EC87F96-405D-4117-832B-1372E83394D5}.Release|Any CPU.ActiveCfg = Release|Any CPU
		{2EC87F96-405D-4117-832B-1372E83394D5}.Release|Any CPU.Build.0 = Release|Any CPU
		{EF802C5F-6E95-453E-8491-C099AA014278}.Debug|Any CPU.ActiveCfg = Debug|Any CPU
		{EF802C5F-6E95-453E-8491-C099AA014278}.Debug|Any CPU.Build.0 = Debug|Any CPU
		{EF802C5F-6E95-453E-8491-C099AA014278}.Release|Any CPU.ActiveCfg = Release|Any CPU
		{EF802C5F-6E95-453E-8491-C099AA014278}.Release|Any CPU.Build.0 = Release|Any CPU
		{2E00EDA6-7810-4307-90D6-10B8F278D689}.Debug|Any CPU.ActiveCfg = Debug|Any CPU
		{2E00EDA6-7810-4307-90D6-10B8F278D689}.Debug|Any CPU.Build.0 = Debug|Any CPU
		{2E00EDA6-7810-4307-90D6-10B8F278D689}.Release|Any CPU.ActiveCfg = Release|Any CPU
		{2E00EDA6-7810-4307-90D6-10B8F278D689}.Release|Any CPU.Build.0 = Release|Any CPU
		{3CE35DA8-945C-4FE4-9592-72D5E2FFC95F}.Debug|Any CPU.ActiveCfg = Debug|Any CPU
		{3CE35DA8-945C-4FE4-9592-72D5E2FFC95F}.Debug|Any CPU.Build.0 = Debug|Any CPU
		{3CE35DA8-945C-4FE4-9592-72D5E2FFC95F}.Release|Any CPU.ActiveCfg = Release|Any CPU
		{3CE35DA8-945C-4FE4-9592-72D5E2FFC95F}.Release|Any CPU.Build.0 = Release|Any CPU
		{20BDA3B1-033D-4D30-93E4-2FECDD34027C}.Debug|Any CPU.ActiveCfg = Debug|Any CPU
		{20BDA3B1-033D-4D30-93E4-2FECDD34027C}.Debug|Any CPU.Build.0 = Debug|Any CPU
		{20BDA3B1-033D-4D30-93E4-2FECDD34027C}.Release|Any CPU.ActiveCfg = Release|Any CPU
		{20BDA3B1-033D-4D30-93E4-2FECDD34027C}.Release|Any CPU.Build.0 = Release|Any CPU
	EndGlobalSection
	GlobalSection(SolutionProperties) = preSolution
		HideSolutionNode = FALSE
	EndGlobalSection
	GlobalSection(NestedProjects) = preSolution
		{E12FDBD0-1420-4AA1-A5CE-7B1AE404B2E1} = {C8F3ACA9-1614-4035-9728-2F296ED50F14}
		{CBA53EEE-7F80-43AD-A588-F0915F5511DC} = {2E293987-A417-426A-9ECE-8737397B4CF5}
		{2745CFFA-036A-4EAA-8DAC-0A7FEE2D7F3E} = {C8F3ACA9-1614-4035-9728-2F296ED50F14}
		{A173D2EA-F7E9-49D9-927C-A64D3F7EF47A} = {C8F3ACA9-1614-4035-9728-2F296ED50F14}
		{EB3AE5EB-A3AB-4906-A437-0E66B38723D0} = {C8F3ACA9-1614-4035-9728-2F296ED50F14}
		{DD921635-2E15-4361-BA62-A7E0E72ECC79} = {C8F3ACA9-1614-4035-9728-2F296ED50F14}
		{00FC2A2A-6ED5-46DE-BF90-F2B32488908D} = {C8F3ACA9-1614-4035-9728-2F296ED50F14}
		{F68AC6B1-58C9-43D2-8D34-28B56F1A9FE9} = {00FC2A2A-6ED5-46DE-BF90-F2B32488908D}
		{6B72BC6D-D4DE-46DB-B8E7-9CC2E1205FBA} = {2E293987-A417-426A-9ECE-8737397B4CF5}
		{5DB542A9-87A8-48EE-A755-B0AE5B8C1399} = {2E293987-A417-426A-9ECE-8737397B4CF5}
		{27011386-5AEC-415F-B20A-8AEDC5B10BD4} = {2E293987-A417-426A-9ECE-8737397B4CF5}
		{08D95209-5147-44A5-98D2-59EF93375E0C} = {2E293987-A417-426A-9ECE-8737397B4CF5}
		{2EC87F96-405D-4117-832B-1372E83394D5} = {27011386-5AEC-415F-B20A-8AEDC5B10BD4}
		{EF802C5F-6E95-453E-8491-C099AA014278} = {6B72BC6D-D4DE-46DB-B8E7-9CC2E1205FBA}
		{2E00EDA6-7810-4307-90D6-10B8F278D689} = {5DB542A9-87A8-48EE-A755-B0AE5B8C1399}
		{3CE35DA8-945C-4FE4-9592-72D5E2FFC95F} = {08D95209-5147-44A5-98D2-59EF93375E0C}
	EndGlobalSection
	GlobalSection(ExtensibilityGlobals) = postSolution
		SolutionGuid = {8FDABA8B-06EC-4149-8AF4-F2F2083A9BA1}
	EndGlobalSection
EndGlobal
